
Microsoft Visual Studio Solution File, Format Version 12.00
# Visual Studio 2012
Project("{FAE04EC0-301F-11D3-BF4B-00C04F79EFBC}") = "ConsoleApplication51", "ConsoleApplication51\ConsoleApplication51.csproj", "{E112A4F7-9EAF-460F-A8E1-1CF54F9FFC3E}"
EndProject
Project("{FAE04EC0-301F-11D3-BF4B-00C04F79EFBC}") = "ConsoleApplication1", "ConsoleApplication1\ConsoleApplication1.csproj", "{605D5D02-763A-4E48-B412-52ECCEE7B396}"
EndProject
Global
	GlobalSection(SolutionConfigurationPlatforms) = preSolution
		Debug|Any CPU = Debug|Any CPU
		Release|Any CPU = Release|Any CPU
	EndGlobalSection
	GlobalSection(ProjectConfigurationPlatforms) = postSolution
		{E112A4F7-9EAF-460F-A8E1-1CF54F9FFC3E}.Debug|Any CPU.ActiveCfg = Debug|Any CPU
		{E112A4F7-9EAF-460F-A8E1-1CF54F9FFC3E}.Debug|Any CPU.Build.0 = Debug|Any CPU
		{E112A4F7-9EAF-460F-A8E1-1CF54F9FFC3E}.Release|Any CPU.ActiveCfg = Release|Any CPU
		{E112A4F7-9EAF-460F-A8E1-1CF54F9FFC3E}.Release|Any CPU.Build.0 = Release|Any CPU
		{605D5D02-763A-4E48-B412-52ECCEE7B396}.Debug|Any CPU.ActiveCfg = Debug|Any CPU
		{605D5D02-763A-4E48-B412-52ECCEE7B396}.Debug|Any CPU.Build.0 = Debug|Any CPU
		{605D5D02-763A-4E48-B412-52ECCEE7B396}.Release|Any CPU.ActiveCfg = Release|Any CPU
		{605D5D02-763A-4E48-B412-52ECCEE7B396}.Release|Any CPU.Build.0 = Release|Any CPU
	EndGlobalSection
	GlobalSection(SolutionProperties) = preSolution
		HideSolutionNode = FALSE
	EndGlobalSection
EndGlobal
